# This file is automatically @generated by Poetry 1.4.0 and should not be changed by hand.

[[package]]
name = "geotext"
version = "0.4.0"
description = "Geotext extracts countriy and city mentions from text"
category = "main"
optional = false
python-versions = "*"
files = [
    {file = "geotext-0.4.0-py2.py3-none-any.whl", hash = "sha256:afc17c170337195b0fc9990ff2dec822bb4eb548c0541f5b7c853ff06ae164dc"},
    {file = "geotext-0.4.0.tar.gz", hash = "sha256:0ba5aa03db8246a8f77f9a334e79bc1f5875b38fd63589f0be4c83c1d94c52fd"},
]

[metadata]
lock-version = "2.0"
python-versions = "^3.8"
content-hash = "f3e7a1b9a6c620b90bc6ad2c9eacca3cf9949f9732f81bd94050ffce9f18cfe7"
